<?xml version="1.0" encoding="utf-8"?>
<Project ToolsVersion="4.0" xmlns="http://schemas.microsoft.com/developer/msbuild/2003">
  <ItemGroup>
    <Filter Include="Source Files">
      <UniqueIdentifier>{4FC737F1-C7A5-4376-A066-2A32D752A2FF}</UniqueIdentifier>
      <Extensions>cpp;c;cc;cxx;def;odl;idl;hpj;bat;asm;asmx</Extensions>
    </Filter>
    <Filter Include="Header Files">
      <UniqueIdentifier>{93995380-89BD-4b04-88EB-625FBE52EBFB}</UniqueIdentifier>
      <Extensions>h;hh;hpp;hxx;hm;inl;inc;xsd</Extensions>
    </Filter>
    <Filter Include="Resource Files">
      <UniqueIdentifier>{67DA6AB6-F800-4c08-8B7A-83BB121AAD01}</UniqueIdentifier>
      <Extensions>rc;ico;cur;bmp;dlg;rc2;rct;bin;rgs;gif;jpg;jpeg;jpe;resx;tiff;tif;png;wav;mfcribbon-ms</Extensions>
    </Filter>
    <Filter Include="Source Files\Core">
      <UniqueIdentifier>{dc1f824b-532b-44e3-a4f2-8d1a436f41cd}</UniqueIdentifier>
    </Filter>
    <Filter Include="Header Files\Core">
      <UniqueIdentifier>{116cbc51-581a-4f67-b063-24c4e5a7762b}</UniqueIdentifier>
    </Filter>
    <Filter Include="Header Files\Components">
      <UniqueIdentifier>{9c769aac-ef60-46fb-919d-d87cb3833b78}</UniqueIdentifier>
    </Filter>
    <Filter Include="Source Files\Components">
      <UniqueIdentifier>{8da329c4-6a9a-4e68-a091-0ce335561b69}</UniqueIdentifier>
    </Filter>
    <Filter Include="Source Files\Rendering">
      <UniqueIdentifier>{3e2caa15-7571-4575-9485-b1237a50f67a}</UniqueIdentifier>
    </Filter>
    <Filter Include="Source Files\Rendering\Materials">
      <UniqueIdentifier>{5db65742-7359-42e4-ae1a-af31b172ea87}</UniqueIdentifier>
    </Filter>
    <Filter Include="Source Files\Rendering\Shaders">
      <UniqueIdentifier>{561aab7b-5d9e-4b1c-bf9c-55bfb7ec458c}</UniqueIdentifier>
    </Filter>
    <Filter Include="Header Files\Rendering">
      <UniqueIdentifier>{6f0c200a-eb2b-4f94-8173-b85bb0967785}</UniqueIdentifier>
    </Filter>
    <Filter Include="Header Files\Rendering\Materials">
      <UniqueIdentifier>{5a91946f-1d90-47f4-b9cb-477dd5e432c5}</UniqueIdentifier>
    </Filter>
  </ItemGroup>
  <ItemGroup>
    <ClInclude Include="src\stdafx.h">
      <Filter>Header Files</Filter>
    </ClInclude>
    <ClInclude Include="src\Core\Application.h">
      <Filter>Header Files\Core</Filter>
    </ClInclude>
    <ClInclude Include="src\Core\FrameTime.h">
      <Filter>Header Files\Core</Filter>
    </ClInclude>
    <ClInclude Include="src\Core\GameObject.h">
      <Filter>Header Files\Core</Filter>
    </ClInclude>
    <ClInclude Include="src\Core\Input.h">
      <Filter>Header Files\Core</Filter>
    </ClInclude>
    <ClInclude Include="src\Core\Scene.h">
      <Filter>Header Files\Core</Filter>
    </ClInclude>
    <ClInclude Include="src\Core\Screen.h">
      <Filter>Header Files\Core</Filter>
    </ClInclude>
    <ClInclude Include="src\Components\AABBCollider.h">
      <Filter>Header Files\Components</Filter>
    </ClInclude>
    <ClInclude Include="src\Components\Camera.h">
      <Filter>Header Files\Components</Filter>
    </ClInclude>
    <ClInclude Include="src\Components\CharController.h">
      <Filter>Header Files\Components</Filter>
    </ClInclude>
    <ClInclude Include="src\Components\Collider.h">
      <Filter>Header Files\Components</Filter>
    </ClInclude>
    <ClInclude Include="src\Components\MeshRenderer.h">
      <Filter>Header Files\Components</Filter>
    </ClInclude>
    <ClInclude Include="src\Components\PointLight.h">
      <Filter>Header Files\Components</Filter>
    </ClInclude>
    <ClInclude Include="src\Components\Rigidbody.h">
      <Filter>Header Files\Components</Filter>
    </ClInclude>
    <ClInclude Include="src\Components\SphereCollider.h">
      <Filter>Header Files\Components</Filter>
    </ClInclude>
    <ClInclude Include="src\Components\TestComponent.h">
      <Filter>Header Files\Components</Filter>
    </ClInclude>
    <ClInclude Include="src\Components\Transform.h">
      <Filter>Header Files\Components</Filter>
    </ClInclude>
    <ClInclude Include="src\Rendering\DeferredLightingManager.h">
      <Filter>Header Files\Rendering</Filter>
    </ClInclude>
    <ClInclude Include="src\Rendering\Material.h">
      <Filter>Header Files\Rendering</Filter>
    </ClInclude>
    <ClInclude Include="src\Rendering\Mesh.h">
      <Filter>Header Files\Rendering</Filter>
    </ClInclude>
    <ClInclude Include="src\Rendering\ShaderProgram.h">
      <Filter>Header Files\Rendering</Filter>
    </ClInclude>
    <ClInclude Include="src\Rendering\Materials\DiscoMat.h">
      <Filter>Header Files\Rendering\Materials</Filter>
    </ClInclude>
    <ClInclude Include="src\Rendering\Materials\SolidColourMat.h">
      <Filter>Header Files\Rendering\Materials</Filter>
    </ClInclude>
    <ClInclude Include="src\Rendering\Materials\UnlitTexturedMat.h">
      <Filter>Header Files\Rendering\Materials</Filter>
    </ClInclude>
    <ClInclude Include="src\Core\Component.h">
      <Filter>Header Files\Core</Filter>
    </ClInclude>
    <ClInclude Include="src\Components\LODModel.h">
      <Filter>Header Files\Components</Filter>
    </ClInclude>
    <ClInclude Include="src\Rendering\Materials\LitColourMat.h">
      <Filter>Header Files\Rendering\Materials</Filter>
    </ClInclude>
    <ClInclude Include="src\Rendering\Materials\LitTexturedMat.h">
      <Filter>Header Files\Rendering\Materials</Filter>
    </ClInclude>
    <ClInclude Include="src\Rendering\Materials\BillboardMat.h">
      <Filter>Header Files\Rendering\Materials</Filter>
    </ClInclude>
    <ClInclude Include="src\Rendering\Materials\TessellatedMat.h">
      <Filter>Header Files\Rendering\Materials</Filter>
    </ClInclude>
    <ClInclude Include="src\Components\DirectionalLight.h">
      <Filter>Header Files\Components</Filter>
    </ClInclude>
    <ClInclude Include="src\Rendering\Materials\ShadowSolidMat.h">
      <Filter>Header Files\Rendering\Materials</Filter>
    </ClInclude>
    <ClInclude Include="src\Components\ControllableCamera.h">
      <Filter>Header Files\Components</Filter>
    </ClInclude>
    <ClInclude Include="src\Rendering\Materials\SilhouetteTessellatedMat.h">
      <Filter>Header Files\Rendering\Materials</Filter>
    </ClInclude>
    <ClInclude Include="src\Components\ToggleModel.h">
      <Filter>Header Files\Components</Filter>
    </ClInclude>
    <ClInclude Include="src\Rendering\RenderModel.h">
      <Filter>Header Files\Rendering</Filter>
    </ClInclude>
    <ClInclude Include="src\Rendering\StandardModel.h">
      <Filter>Header Files\Rendering</Filter>
    </ClInclude>
  </ItemGroup>
  <ItemGroup>
    <ClCompile Include="src\stdafx.cpp">
      <Filter>Source Files</Filter>
    </ClCompile>
    <ClCompile Include="src\Core\Application.cpp">
      <Filter>Source Files\Core</Filter>
    </ClCompile>
    <ClCompile Include="src\Core\FrameTime.cpp">
      <Filter>Source Files\Core</Filter>
    </ClCompile>
    <ClCompile Include="src\Core\GameObject.cpp">
      <Filter>Source Files\Core</Filter>
    </ClCompile>
    <ClCompile Include="src\Core\Input.cpp">
      <Filter>Source Files\Core</Filter>
    </ClCompile>
    <ClCompile Include="src\Core\main.cpp">
      <Filter>Source Files\Core</Filter>
    </ClCompile>
    <ClCompile Include="src\Core\Scene.cpp">
      <Filter>Source Files\Core</Filter>
    </ClCompile>
    <ClCompile Include="src\Core\Screen.cpp">
      <Filter>Source Files\Core</Filter>
    </ClCompile>
    <ClCompile Include="src\Components\AABBCollider.cpp">
      <Filter>Source Files\Components</Filter>
    </ClCompile>
    <ClCompile Include="src\Components\Camera.cpp">
      <Filter>Source Files\Components</Filter>
    </ClCompile>
    <ClCompile Include="src\Components\CharController.cpp">
      <Filter>Source Files\Components</Filter>
    </ClCompile>
    <ClCompile Include="src\Components\Collider.cpp">
      <Filter>Source Files\Components</Filter>
    </ClCompile>
    <ClCompile Include="src\Components\MeshRenderer.cpp">
      <Filter>Source Files\Components</Filter>
    </ClCompile>
    <ClCompile Include="src\Components\PointLight.cpp">
      <Filter>Source Files\Components</Filter>
    </ClCompile>
    <ClCompile Include="src\Components\Rigidbody.cpp">
      <Filter>Source Files\Components</Filter>
    </ClCompile>
    <ClCompile Include="src\Components\SphereCollider.cpp">
      <Filter>Source Files\Components</Filter>
    </ClCompile>
    <ClCompile Include="src\Components\TestComponent.cpp">
      <Filter>Source Files\Components</Filter>
    </ClCompile>
    <ClCompile Include="src\Components\Transform.cpp">
      <Filter>Source Files\Components</Filter>
    </ClCompile>
    <ClCompile Include="src\Rendering\DeferredLightingManager.cpp">
      <Filter>Source Files\Rendering</Filter>
    </ClCompile>
    <ClCompile Include="src\Rendering\Material.cpp">
      <Filter>Source Files\Rendering</Filter>
    </ClCompile>
    <ClCompile Include="src\Rendering\Mesh.cpp">
      <Filter>Source Files\Rendering</Filter>
    </ClCompile>
    <ClCompile Include="src\Rendering\ShaderProgram.cpp">
      <Filter>Source Files\Rendering</Filter>
    </ClCompile>
    <ClCompile Include="src\Rendering\Materials\DiscoMat.cpp">
      <Filter>Source Files\Rendering\Materials</Filter>
    </ClCompile>
    <ClCompile Include="src\Rendering\Materials\SolidColourMat.cpp">
      <Filter>Source Files\Rendering\Materials</Filter>
    </ClCompile>
    <ClCompile Include="src\Rendering\Materials\UnlitTexturedMat.cpp">
      <Filter>Source Files\Rendering\Materials</Filter>
    </ClCompile>
    <ClCompile Include="src\Core\Component.cpp">
      <Filter>Source Files\Core</Filter>
    </ClCompile>
    <ClCompile Include="src\Components\LODModel.cpp">
      <Filter>Source Files\Components</Filter>
    </ClCompile>
    <ClCompile Include="src\Rendering\Materials\LitColourMat.cpp">
      <Filter>Source Files\Rendering\Materials</Filter>
    </ClCompile>
    <ClCompile Include="src\Rendering\Materials\LitTexturedMat.cpp">
      <Filter>Source Files\Rendering\Materials</Filter>
    </ClCompile>
    <ClCompile Include="src\Rendering\Materials\BillboardMat.cpp">
      <Filter>Source Files\Rendering\Materials</Filter>
    </ClCompile>
    <ClCompile Include="src\Rendering\Materials\TessellatedMat.cpp">
      <Filter>Source Files\Rendering\Materials</Filter>
    </ClCompile>
    <ClCompile Include="src\Components\DirectionalLight.cpp">
      <Filter>Source Files\Components</Filter>
    </ClCompile>
    <ClCompile Include="src\Rendering\Materials\ShadowSolidMat.cpp">
      <Filter>Source Files\Rendering\Materials</Filter>
    </ClCompile>
    <ClCompile Include="src\Components\ControllableCamera.cpp">
      <Filter>Source Files\Components</Filter>
    </ClCompile>
    <ClCompile Include="src\Rendering\Materials\SilhouetteTessellatedMat.cpp">
      <Filter>Source Files\Rendering\Materials</Filter>
    </ClCompile>
    <ClCompile Include="src\Components\ToggleModel.cpp">
      <Filter>Source Files\Components</Filter>
    </ClCompile>
    <ClCompile Include="src\Rendering\RenderModel.cpp">
      <Filter>Source Files\Rendering</Filter>
    </ClCompile>
    <ClCompile Include="src\Rendering\StandardModel.cpp">
      <Filter>Source Files\Rendering</Filter>
    </ClCompile>
  </ItemGroup>
  <ItemGroup>
    <None Include="src\Rendering\Shaders\DeferredLightingPass.fs">
      <Filter>Source Files\Rendering\Shaders</Filter>
    </None>
    <None Include="src\Rendering\Shaders\DeferredLightingPass.vs">
      <Filter>Source Files\Rendering\Shaders</Filter>
    </None>
    <None Include="src\Rendering\Shaders\DeferredModel.fs">
      <Filter>Source Files\Rendering\Shaders</Filter>
    </None>
    <None Include="src\Rendering\Shaders\DeferredModel.vs">
      <Filter>Source Files\Rendering\Shaders</Filter>
    </None>
    <None Include="src\Rendering\Shaders\SolidColour.fs">
      <Filter>Source Files\Rendering\Shaders</Filter>
    </None>
    <None Include="src\Rendering\Shaders\SolidColour.vs">
      <Filter>Source Files\Rendering\Shaders</Filter>
    </None>
    <None Include="src\Rendering\Shaders\UnlitTextured.fs">
      <Filter>Source Files\Rendering\Shaders</Filter>
    </None>
    <None Include="src\Rendering\Shaders\UnlitTextured.vs">
      <Filter>Source Files\Rendering\Shaders</Filter>
    </None>
  </ItemGroup>
</Project>